
Microsoft Visual Studio Solution File, Format Version 12.00
# Visual Studio Version 17
VisualStudioVersion = 17.14.36310.24 d17.14
MinimumVisualStudioVersion = 10.0.40219.1
Project("{FAE04EC0-301F-11D3-BF4B-00C04F79EFBC}") = "Task2", "Task2\Task2.csproj", "{CBA70AA1-03AA-49F8-BCB6-8059A455F438}"
EndProject
Global
	GlobalSection(SolutionConfigurationPlatforms) = preSolution
		Debug|Any CPU = Debug|Any CPU
		Release|Any CPU = Release|Any CPU
	EndGlobalSection
	GlobalSection(ProjectConfigurationPlatforms) = postSolution
		{CBA70AA1-03AA-49F8-BCB6-8059A455F438}.Debug|Any CPU.ActiveCfg = Debug|Any CPU
		{CBA70AA1-03AA-49F8-BCB6-8059A455F438}.Debug|Any CPU.Build.0 = Debug|Any CPU
		{CBA70AA1-03AA-49F8-BCB6-8059A455F438}.Release|Any CPU.ActiveCfg = Release|Any CPU
		{CBA70AA1-03AA-49F8-BCB6-8059A455F438}.Release|Any CPU.Build.0 = Release|Any CPU
	EndGlobalSection
	GlobalSection(SolutionProperties) = preSolution
		HideSolutionNode = FALSE
	EndGlobalSection
	GlobalSection(ExtensibilityGlobals) = postSolution
		SolutionGuid = {80AEF520-AC53-4A02-A12C-1462B292CCBE}
	EndGlobalSection
EndGlobal
